PATH
  remote: ..
  specs:
    datadog-ci (0.1.0)
      ddtrace (~> 1)

GEM
  remote: https://rubygems.org/
  specs:
    appraisal (2.2.0)
      bundler
      rake
      thor (>= 0.14.0)
    climate_control (0.2.0)
    coderay (1.1.3)
    ddtrace (1.13.1)
      debase-ruby_core_source (= 3.2.1)
      libdatadog (~> 3.0.0.1.0)
      libddwaf (~> 1.9.0.0.0)
      msgpack
    debase-ruby_core_source (3.2.1)
    diff-lcs (1.5.0)
    ffi (1.12.2)
    libdatadog (3.0.0.1.0)
    libddwaf (1.9.0.0.1)
      ffi (~> 1.0)
    method_source (1.0.0)
    msgpack (1.3.3)
    os (1.1.4)
    pry (0.14.2)
      coderay (~> 1.1)
      method_source (~> 1.0)
    rake (12.3.3)
    rspec (3.12.0)
      rspec-core (~> 3.12.0)
      rspec-expectations (~> 3.12.0)
      rspec-mocks (~> 3.12.0)
    rspec-collection_matchers (1.2.0)
      rspec-expectations (>= 2.99.0.beta1)
    rspec-core (3.12.2)
      rspec-support (~> 3.12.0)
    rspec-expectations (3.12.3)
      diff-lcs (>= 1.2.0, < 2.0)
      rspec-support (~> 3.12.0)
    rspec-mocks (3.12.6)
      diff-lcs (>= 1.2.0, < 2.0)
      rspec-support (~> 3.12.0)
    rspec-support (3.12.1)
    rspec_junit_formatter (0.5.1)
      rspec-core (>= 2, < 4, != 2.12.0)
    thor (1.2.2)
    webrick (1.3.1)
    yard (0.9.34)

PLATFORMS
  ruby

DEPENDENCIES
  appraisal
  climate_control (~> 0.2.0)
  datadog-ci!
  os
  pry
  rake
  rspec (~> 3)
  rspec-collection_matchers
  rspec_junit_formatter
  webrick
  yard

BUNDLED WITH
   1.17.3
