GIT
  remote: https://github.com/DataDog/dd-trace-rb.git
  revision: 80b8b5a2511167933ddde6126a366521b01556f5
  branch: master
  specs:
    datadog (2.23.0)
      cgi
      datadog-ruby_core_source (~> 3.4, >= 3.4.2)
      libdatadog (~> 24.0.1.1.0)
      libddwaf (~> 1.30.0.0.0)
      logger
      msgpack

PATH
  remote: ..
  specs:
    datadog-ci (1.23.3)
      datadog (~> 2.4)
      drb
      msgpack

GEM
  remote: https://rubygems.org/
  specs:
    addressable (2.8.8)
      public_suffix (>= 2.0.2, < 8.0)
    appraisal (2.5.0)
      bundler
      rake
      thor (>= 0.14.0)
    base64 (0.3.0)
    bigdecimal (3.3.1)
    builder (3.3.0)
    capybara (3.40.0)
      addressable
      matrix
      mini_mime (>= 0.1.3)
      nokogiri (~> 1.11)
      rack (>= 1.6.0)
      rack-test (>= 0.6.3)
      regexp_parser (>= 1.5, < 3.0)
      xpath (~> 3.2)
    cgi (0.5.1)
    climate_control (1.2.0)
    concurrent-ruby (1.3.5)
    crack (1.0.1)
      bigdecimal
      rexml
    cucumber (10.2.0)
      base64 (~> 0.2)
      builder (~> 3.2)
      cucumber-ci-environment (> 9, < 12)
      cucumber-core (> 15, < 17)
      cucumber-cucumber-expressions (> 17, < 20)
      cucumber-html-formatter (> 21, < 23)
      diff-lcs (~> 1.5)
      logger (~> 1.6)
      mini_mime (~> 1.1)
      multi_test (~> 1.1)
      sys-uname (~> 1.3)
    cucumber-ci-environment (11.0.0)
    cucumber-core (15.4.0)
      cucumber-gherkin (> 27, < 40)
      cucumber-messages (> 26, < 33)
      cucumber-tag-expressions (> 5, < 9)
    cucumber-cucumber-expressions (18.0.1)
      bigdecimal
    cucumber-gherkin (36.1.0)
      cucumber-messages (> 25, < 30)
    cucumber-html-formatter (22.2.0)
      cucumber-messages (> 19, < 31)
    cucumber-messages (29.0.1)
    cucumber-tag-expressions (8.1.0)
    cuprite (0.17)
      capybara (~> 3.0)
      ferrum (~> 0.17.0)
    datadog-ruby_core_source (3.4.2)
    date (3.5.1)
    debug (1.11.0)
      irb (~> 1.10)
      reline (>= 0.3.8)
    diff-lcs (1.6.2)
    docile (1.4.1)
    drb (2.2.3)
    erb (6.0.0)
    ferrum (0.17.1)
      addressable (~> 2.5)
      base64 (~> 0.2)
      concurrent-ruby (~> 1.1)
      webrick (~> 1.7)
      websocket-driver (~> 0.7)
    ffi (1.17.2)
    hashdiff (1.2.1)
    io-console (0.8.1)
    irb (1.15.3)
      pp (>= 0.6.0)
      rdoc (>= 4.0.0)
      reline (>= 0.4.2)
    libdatadog (24.0.1.1.0)
    libdatadog (24.0.1.1.0-aarch64-linux)
    libddwaf (1.30.0.0.0)
      ffi (~> 1.0)
    libddwaf (1.30.0.0.0-aarch64-linux)
      ffi (~> 1.0)
    logger (1.7.0)
    matrix (0.4.3)
    memoist3 (1.0.0)
    mini_mime (1.1.5)
    mini_portile2 (2.8.9)
    msgpack (1.8.0)
    multi_test (1.1.0)
    nokogiri (1.18.10)
      mini_portile2 (~> 2.8.2)
      racc (~> 1.4)
    os (1.1.4)
    ostruct (0.6.3)
    pp (0.6.3)
      prettyprint
    prettyprint (0.2.0)
    psych (5.3.0)
      date
      stringio
    public_suffix (7.0.0)
    racc (1.8.1)
    rack (3.2.4)
    rack-test (2.2.0)
      rack (>= 1.3)
    rake (13.3.1)
    rake-compiler (1.3.0)
      rake
    rdoc (6.17.0)
      erb
      psych (>= 4.0.0)
      tsort
    regexp_parser (2.11.3)
    reline (0.6.3)
      io-console (~> 0.5)
    rexml (3.4.4)
    rspec (3.13.2)
      rspec-core (~> 3.13.0)
      rspec-expectations (~> 3.13.0)
      rspec-mocks (~> 3.13.0)
    rspec-collection_matchers (1.2.1)
      rspec-expectations (>= 2.99.0.beta1)
    rspec-core (3.13.6)
      rspec-support (~> 3.13.0)
    rspec-expectations (3.13.5)
      diff-lcs (>= 1.2.0, < 2.0)
      rspec-support (~> 3.13.0)
    rspec-mocks (3.13.7)
      diff-lcs (>= 1.2.0, < 2.0)
      rspec-support (~> 3.13.0)
    rspec-support (3.13.6)
    rspec_junit_formatter (0.6.0)
      rspec-core (>= 2, < 4, != 2.12.0)
    simplecov (0.22.0)
      docile (~> 1.1)
      simplecov-html (~> 0.11)
      simplecov_json_formatter (~> 0.1)
    simplecov-html (0.13.2)
    simplecov_json_formatter (0.1.4)
    stringio (3.1.9)
    sys-uname (1.4.1)
      ffi (~> 1.1)
      memoist3 (~> 1.0.0)
    thor (1.4.0)
    tsort (0.2.0)
    webmock (3.26.1)
      addressable (>= 2.8.0)
      crack (>= 0.3.2)
      hashdiff (>= 0.4.0, < 2.0.0)
    webrick (1.9.2)
    websocket-driver (0.8.0)
      base64
      websocket-extensions (>= 0.1.0)
    websocket-extensions (0.1.5)
    xpath (3.2.0)
      nokogiri (~> 1.8)
    yard (0.9.38)

PLATFORMS
  aarch64-linux
  ruby

DEPENDENCIES
  appraisal
  capybara (~> 3)
  climate_control
  cucumber (~> 10)
  cuprite (~> 0)
  datadog!
  datadog-ci!
  debug
  os
  ostruct
  rake
  rake-compiler
  rspec
  rspec-collection_matchers
  rspec_junit_formatter
  simplecov
  webmock
  yard

CHECKSUMS
  addressable (2.8.8) sha256=7c13b8f9536cf6364c03b9d417c19986019e28f7c00ac8132da4eb0fe393b057
  appraisal (2.5.0) sha256=36989221be127913b0dba8d114da2001e6b2dceea7bd4951200eaba764eed3ce
  base64 (0.3.0) sha256=27337aeabad6ffae05c265c450490628ef3ebd4b67be58257393227588f5a97b
  bigdecimal (3.3.1) sha256=eaa01e228be54c4f9f53bf3cc34fe3d5e845c31963e7fcc5bedb05a4e7d52218
  builder (3.3.0) sha256=497918d2f9dca528fdca4b88d84e4ef4387256d984b8154e9d5d3fe5a9c8835f
  capybara (3.40.0) sha256=42dba720578ea1ca65fd7a41d163dd368502c191804558f6e0f71b391054aeef
  cgi (0.5.1) sha256=e93fcafc69b8a934fe1e6146121fa35430efa8b4a4047c4893764067036f18e9
  climate_control (1.2.0) sha256=36b21896193fa8c8536fa1cd843a07cf8ddbd03aaba43665e26c53ec1bd70aa5
  concurrent-ruby (1.3.5) sha256=813b3e37aca6df2a21a3b9f1d497f8cbab24a2b94cab325bffe65ee0f6cbebc6
  crack (1.0.1) sha256=ff4a10390cd31d66440b7524eb1841874db86201d5b70032028553130b6d4c7e
  cucumber (10.2.0) sha256=fdedbd31ecf40858b60f04853f2aa15c44f5c30bbac29c6a227fa1e7005a8158
  cucumber-ci-environment (11.0.0) sha256=0df79a9e1d0b015b3d9def680f989200d96fef206f4d19ccf86a338c4f71d1e2
  cucumber-core (15.4.0) sha256=161309d85847b336c998b201e2003d3f4a86207fa4816da2678fe3d7f3735e45
  cucumber-cucumber-expressions (18.0.1) sha256=8398a0bf636af33ff3b61e459a309295eb02745b9e21bd7af0eaaa2a1e6be3e5
  cucumber-gherkin (36.1.0) sha256=c2b8e950fc3dc0b19d7fd59bb5e47950dbe61129bffcf3c038fcacaea7942b09
  cucumber-html-formatter (22.2.0) sha256=e92fed01ee5a120690da89152ddbe71b77aa56b058228f9df81c6bf8cd4b6980
  cucumber-messages (29.0.1) sha256=77bd8ad859ae35fd4e076cd32fce940963317e17229dd51c7844ac11766a6cb9
  cucumber-tag-expressions (8.1.0) sha256=9bd8c4b6654f8e5bf2a9c99329b6f32136a75e50cd39d4cfb3927d0fa9f52e21
  cuprite (0.17) sha256=b140d5dc70d08b97ad54bcf45cd95d0bd430e291e9dffe76fff851fddd57c12b
  datadog (2.23.0)
  datadog-ci (1.23.3)
  datadog-ruby_core_source (3.4.2) sha256=d770cf275807e69079461b32360fc92e49c684568dbb0704499eb4ee34a99170
  date (3.5.1) sha256=750d06384d7b9c15d562c76291407d89e368dda4d4fff957eb94962d325a0dc0
  debug (1.11.0) sha256=1425db64cfa0130c952684e3dc974985be201dd62899bf4bbe3f8b5d6cf1aef2
  diff-lcs (1.6.2) sha256=9ae0d2cba7d4df3075fe8cd8602a8604993efc0dfa934cff568969efb1909962
  docile (1.4.1) sha256=96159be799bfa73cdb721b840e9802126e4e03dfc26863db73647204c727f21e
  drb (2.2.3) sha256=0b00d6fdb50995fe4a45dea13663493c841112e4068656854646f418fda13373
  erb (6.0.0) sha256=2730893f9d8c9733f16cab315a4e4b71c1afa9cabc1a1e7ad1403feba8f52579
  ferrum (0.17.1) sha256=51d591120fc593e5a13b5d9d6474389f5145bb92a91e36eab147b5d096c8cbe7
  ffi (1.17.2) sha256=297235842e5947cc3036ebe64077584bff583cd7a4e94e9a02fdec399ef46da6
  hashdiff (1.2.1) sha256=9c079dbc513dfc8833ab59c0c2d8f230fa28499cc5efb4b8dd276cf931457cd1
  io-console (0.8.1) sha256=1e15440a6b2f67b6ea496df7c474ed62c860ad11237f29b3bd187f054b925fcb
  irb (1.15.3) sha256=4349edff1efa7ff7bfd34cb9df74a133a588ba88c2718098b3b4468b81184aaa
  libdatadog (24.0.1.1.0) sha256=5f911a5598deb11f8c4179077a46e50a57b778b87a152bf23859ae6e557b1751
  libdatadog (24.0.1.1.0-aarch64-linux) sha256=aa1fad15d3fb1039164c5bbf481f76acc6f3d230e8ff160d3792bf9e87ba5075
  libddwaf (1.30.0.0.0) sha256=d5c350555ec5bdfb99534b37ad578163c83642ca03cecb3bae30fd29dc47d4fc
  libddwaf (1.30.0.0.0-aarch64-linux) sha256=b901cf0be4cc8a0c0fc34845f8f283b791a2fa0fc6a80d88992f111242813daa
  logger (1.7.0) sha256=196edec7cc44b66cfb40f9755ce11b392f21f7967696af15d274dde7edff0203
  matrix (0.4.3) sha256=a0d5ab7ddcc1973ff690ab361b67f359acbb16958d1dc072b8b956a286564c5b
  memoist3 (1.0.0) sha256=686e42402cf150a362050c23143dc57b0ef88f8c344943ff8b7845792b50d56f
  mini_mime (1.1.5) sha256=8681b7e2e4215f2a159f9400b5816d85e9d8c6c6b491e96a12797e798f8bccef
  mini_portile2 (2.8.9) sha256=0cd7c7f824e010c072e33f68bc02d85a00aeb6fce05bb4819c03dfd3c140c289
  msgpack (1.8.0) sha256=e64ce0212000d016809f5048b48eb3a65ffb169db22238fb4b72472fecb2d732
  multi_test (1.1.0) sha256=e9e550cdd863fb72becfe344aefdcd4cbd26ebf307847f4a6c039a4082324d10
  nokogiri (1.18.10) sha256=d5cc0731008aa3b3a87b361203ea3d19b2069628cb55e46ac7d84a0445e69cc1
  os (1.1.4) sha256=57816d6a334e7bd6aed048f4b0308226c5fb027433b67d90a9ab435f35108d3f
  ostruct (0.6.3) sha256=95a2ed4a4bd1d190784e666b47b2d3f078e4a9efda2fccf18f84ddc6538ed912
  pp (0.6.3) sha256=2951d514450b93ccfeb1df7d021cae0da16e0a7f95ee1e2273719669d0ab9df6
  prettyprint (0.2.0) sha256=2bc9e15581a94742064a3cc8b0fb9d45aae3d03a1baa6ef80922627a0766f193
  psych (5.3.0) sha256=8976a41ae29ea38c88356e862629345290347e3bfe27caf654f7c5a920e95eeb
  public_suffix (7.0.0) sha256=f7090b5beb0e56f9f10d79eed4d5fbe551b3b425da65877e075dad47a6a1b095
  racc (1.8.1) sha256=4a7f6929691dbec8b5209a0b373bc2614882b55fc5d2e447a21aaa691303d62f
  rack (3.2.4) sha256=5d74b6f75082a643f43c1e76b419c40f0e5527fcfee1e669ac1e6b73c0ccb6f6
  rack-test (2.2.0) sha256=005a36692c306ac0b4a9350355ee080fd09ddef1148a5f8b2ac636c720f5c463
  rake (13.3.1) sha256=8c9e89d09f66a26a01264e7e3480ec0607f0c497a861ef16063604b1b08eb19c
  rake-compiler (1.3.0) sha256=eec272ef6d4dad27b36f5cdcf5b9ee4df2193751f4082b095f981ebf9cdf4127
  rdoc (6.17.0) sha256=0f50d4e568fc98195f9bb155a9e8dff6c7feabfb515fb22ef6df1d12ad5a02b7
  regexp_parser (2.11.3) sha256=ca13f381a173b7a93450e53459075c9b76a10433caadcb2f1180f2c741fc55a4
  reline (0.6.3) sha256=1198b04973565b36ec0f11542ab3f5cfeeec34823f4e54cebde90968092b1835
  rexml (3.4.4) sha256=19e0a2c3425dfbf2d4fc1189747bdb2f849b6c5e74180401b15734bc97b5d142
  rspec (3.13.2) sha256=206284a08ad798e61f86d7ca3e376718d52c0bc944626b2349266f239f820587
  rspec-collection_matchers (1.2.1) sha256=ff7626d2bbf16ac237fbb46439694c78b7d9c6dc49c4b216df437968133b56a2
  rspec-core (3.13.6) sha256=a8823c6411667b60a8bca135364351dda34cd55e44ff94c4be4633b37d828b2d
  rspec-expectations (3.13.5) sha256=33a4d3a1d95060aea4c94e9f237030a8f9eae5615e9bd85718fe3a09e4b58836
  rspec-mocks (3.13.7) sha256=0979034e64b1d7a838aaaddf12bf065ea4dc40ef3d4c39f01f93ae2c66c62b1c
  rspec-support (3.13.6) sha256=2e8de3702427eab064c9352fe74488cc12a1bfae887ad8b91cba480ec9f8afb2
  rspec_junit_formatter (0.6.0) sha256=40dde674e6ae4e6cc0ff560da25497677e34fefd2338cc467a8972f602b62b15
  simplecov (0.22.0) sha256=fe2622c7834ff23b98066bb0a854284b2729a569ac659f82621fc22ef36213a5
  simplecov-html (0.13.2) sha256=bd0b8e54e7c2d7685927e8d6286466359b6f16b18cb0df47b508e8d73c777246
  simplecov_json_formatter (0.1.4) sha256=529418fbe8de1713ac2b2d612aa3daa56d316975d307244399fa4838c601b428
  stringio (3.1.9) sha256=c111af13d3a73eab96a3bc2655ecf93788d13d28cb8e25c1dcbff89ace885121
  sys-uname (1.4.1) sha256=ed2278ec670ee8af5eb5420d3a98e22188051f6241180db7c779993db2739a16
  thor (1.4.0) sha256=8763e822ccb0f1d7bee88cde131b19a65606657b847cc7b7b4b82e772bcd8a3d
  tsort (0.2.0) sha256=9650a793f6859a43b6641671278f79cfead60ac714148aabe4e3f0060480089f
  webmock (3.26.1) sha256=4f696fb57c90a827c20aadb2d4f9058bbff10f7f043bd0d4c3f58791143b1cd7
  webrick (1.9.2) sha256=beb4a15fc474defed24a3bda4ffd88a490d517c9e4e6118c3edce59e45864131
  websocket-driver (0.8.0) sha256=ed0dba4b943c22f17f9a734817e808bc84cdce6a7e22045f5315aa57676d4962
  websocket-extensions (0.1.5) sha256=1c6ba63092cda343eb53fc657110c71c754c56484aad42578495227d717a8241
  xpath (3.2.0) sha256=6dfda79d91bb3b949b947ecc5919f042ef2f399b904013eb3ef6d20dd3a4082e
  yard (0.9.38) sha256=721fb82afb10532aa49860655f6cc2eaa7130889df291b052e1e6b268283010f

BUNDLED WITH
  4.0.0
