PATH
  remote: ..
  specs:
    datadog-ci (0.5.1)
      msgpack

GEM
  remote: https://rubygems.org/
  specs:
    appraisal (2.5.0)
      bundler
      rake
      thor (>= 0.14.0)
    ast (2.4.2)
    climate_control (1.2.0)
    coderay (1.1.3)
    ddtrace (1.18.0)
      datadog-ci (~> 0.5.0)
      debase-ruby_core_source (= 3.2.3)
      libdatadog (~> 5.0.0.1.0)
      libddwaf (~> 1.14.0.0.0)
      msgpack
    debase-ruby_core_source (3.2.3)
    diff-lcs (1.5.0)
    docile (1.4.0)
    ffi (1.16.3)
    json (2.7.1)
    language_server-protocol (3.17.0.3)
    libdatadog (5.0.0.1.0-aarch64-linux)
    libddwaf (1.14.0.0.0-aarch64-linux)
      ffi (~> 1.0)
    lint_roller (1.1.0)
    method_source (1.0.0)
    minitest (5.20.0)
    msgpack (1.7.2)
    os (1.1.4)
    parallel (1.23.0)
    parser (3.2.2.4)
      ast (~> 2.4.1)
      racc
    pimpmychangelog (0.1.3)
    pry (0.14.2)
      coderay (~> 1.1)
      method_source (~> 1.0)
    racc (1.7.3)
    rainbow (3.1.1)
    rake (13.1.0)
    redcarpet (3.6.0)
    regexp_parser (2.8.3)
    rexml (3.2.6)
    rspec (3.12.0)
      rspec-core (~> 3.12.0)
      rspec-expectations (~> 3.12.0)
      rspec-mocks (~> 3.12.0)
    rspec-collection_matchers (1.2.1)
      rspec-expectations (>= 2.99.0.beta1)
    rspec-core (3.12.2)
      rspec-support (~> 3.12.0)
    rspec-expectations (3.12.3)
      diff-lcs (>= 1.2.0, < 2.0)
      rspec-support (~> 3.12.0)
    rspec-mocks (3.12.6)
      diff-lcs (>= 1.2.0, < 2.0)
      rspec-support (~> 3.12.0)
    rspec-support (3.12.1)
    rspec_junit_formatter (0.6.0)
      rspec-core (>= 2, < 4, != 2.12.0)
    rubocop (1.57.2)
      json (~> 2.3)
      language_server-protocol (>= 3.17.0)
      parallel (~> 1.10)
      parser (>= 3.2.2.4)
      rainbow (>= 2.2.2, < 4.0)
      regexp_parser (>= 1.8, < 3.0)
      rexml (>= 3.2.5, < 4.0)
      rubocop-ast (>= 1.28.1, < 2.0)
      ruby-progressbar (~> 1.7)
      unicode-display_width (>= 2.4.0, < 3.0)
    rubocop-ast (1.30.0)
      parser (>= 3.2.1.0)
    rubocop-performance (1.19.1)
      rubocop (>= 1.7.0, < 2.0)
      rubocop-ast (>= 0.4.0)
    ruby-progressbar (1.13.0)
    simplecov (0.22.0)
      docile (~> 1.1)
      simplecov-html (~> 0.11)
      simplecov_json_formatter (~> 0.1)
    simplecov-cobertura (2.1.0)
      rexml
      simplecov (~> 0.19)
    simplecov-html (0.12.3)
    simplecov_json_formatter (0.1.4)
    standard (1.32.1)
      language_server-protocol (~> 3.17.0.2)
      lint_roller (~> 1.0)
      rubocop (~> 1.57.2)
      standard-custom (~> 1.0.0)
      standard-performance (~> 1.2)
    standard-custom (1.0.2)
      lint_roller (~> 1.0)
      rubocop (~> 1.50)
    standard-performance (1.2.1)
      lint_roller (~> 1.1)
      rubocop-performance (~> 1.19.1)
    thor (1.3.0)
    timecop (0.9.8)
    unicode-display_width (2.5.0)
    webrick (1.8.1)
    yard (0.9.34)

PLATFORMS
  aarch64-linux

DEPENDENCIES
  appraisal
  climate_control
  datadog-ci!
  ddtrace
  minitest (~> 5)
  os
  pimpmychangelog (>= 0.1.2)
  pry
  rake
  redcarpet
  rspec
  rspec-collection_matchers
  rspec_junit_formatter
  simplecov
  simplecov-cobertura (~> 2.1.0)
  standard (~> 1.31)
  timecop
  webrick
  yard

BUNDLED WITH
   2.3.26
